
Microsoft Visual Studio Solution File, Format Version 12.00
# Visual Studio Version 17
VisualStudioVersion = 17.8.34330.188
MinimumVisualStudioVersion = 10.0.40219.1
Project("{9A19103F-16F7-4668-BE54-9A1E7A4F7556}") = "PresentationWpf", "PresentationWpf\PresentationWpf.csproj", "{641FA957-A00E-4148-853A-E5266B82827C}"
EndProject
Project("{9A19103F-16F7-4668-BE54-9A1E7A4F7556}") = "Infrastructure", "Infrastructure\Infrastructure.csproj", "{7FBB5F13-3F2A-4941-8E49-083A3DB85D76}"
EndProject
Global
	GlobalSection(SolutionConfigurationPlatforms) = preSolution
		Debug|Any CPU = Debug|Any CPU
		Release|Any CPU = Release|Any CPU
	EndGlobalSection
	GlobalSection(ProjectConfigurationPlatforms) = postSolution
		{641FA957-A00E-4148-853A-E5266B82827C}.Debug|Any CPU.ActiveCfg = Debug|Any CPU
		{641FA957-A00E-4148-853A-E5266B82827C}.Debug|Any CPU.Build.0 = Debug|Any CPU
		{641FA957-A00E-4148-853A-E5266B82827C}.Release|Any CPU.ActiveCfg = Release|Any CPU
		{641FA957-A00E-4148-853A-E5266B82827C}.Release|Any CPU.Build.0 = Release|Any CPU
		{7FBB5F13-3F2A-4941-8E49-083A3DB85D76}.Debug|Any CPU.ActiveCfg = Debug|Any CPU
		{7FBB5F13-3F2A-4941-8E49-083A3DB85D76}.Debug|Any CPU.Build.0 = Debug|Any CPU
		{7FBB5F13-3F2A-4941-8E49-083A3DB85D76}.Release|Any CPU.ActiveCfg = Release|Any CPU
		{7FBB5F13-3F2A-4941-8E49-083A3DB85D76}.Release|Any CPU.Build.0 = Release|Any CPU
	EndGlobalSection
	GlobalSection(SolutionProperties) = preSolution
		HideSolutionNode = FALSE
	EndGlobalSection
	GlobalSection(ExtensibilityGlobals) = postSolution
		SolutionGuid = {211C350F-03F1-43EA-AF95-FE44B50B7625}
	EndGlobalSection
EndGlobal
